
Microsoft Visual Studio Solution File, Format Version 12.00
# Visual Studio Version 17
VisualStudioVersion = 17.9.34728.123
MinimumVisualStudioVersion = 10.0.40219.1
Project("{FAE04EC0-301F-11D3-BF4B-00C04F79EFBC}") = "Ventas.Domain", "Ventas.Domain\Ventas.Domain.csproj", "{603EB072-3D7D-4871-A258-0D12FDBE73E1}"
EndProject
Project("{FAE04EC0-301F-11D3-BF4B-00C04F79EFBC}") = "Ventas.Infraestructure", "Ventas.Infraestructure\Ventas.Infraestructure.csproj", "{7BBF106F-FF51-40BE-AD8B-9317C9471BAB}"
EndProject
Global
	GlobalSection(SolutionConfigurationPlatforms) = preSolution
		Debug|Any CPU = Debug|Any CPU
		Release|Any CPU = Release|Any CPU
	EndGlobalSection
	GlobalSection(ProjectConfigurationPlatforms) = postSolution
		{603EB072-3D7D-4871-A258-0D12FDBE73E1}.Debug|Any CPU.ActiveCfg = Debug|Any CPU
		{603EB072-3D7D-4871-A258-0D12FDBE73E1}.Debug|Any CPU.Build.0 = Debug|Any CPU
		{603EB072-3D7D-4871-A258-0D12FDBE73E1}.Release|Any CPU.ActiveCfg = Release|Any CPU
		{603EB072-3D7D-4871-A258-0D12FDBE73E1}.Release|Any CPU.Build.0 = Release|Any CPU
		{7BBF106F-FF51-40BE-AD8B-9317C9471BAB}.Debug|Any CPU.ActiveCfg = Debug|Any CPU
		{7BBF106F-FF51-40BE-AD8B-9317C9471BAB}.Debug|Any CPU.Build.0 = Debug|Any CPU
		{7BBF106F-FF51-40BE-AD8B-9317C9471BAB}.Release|Any CPU.ActiveCfg = Release|Any CPU
		{7BBF106F-FF51-40BE-AD8B-9317C9471BAB}.Release|Any CPU.Build.0 = Release|Any CPU
	EndGlobalSection
	GlobalSection(SolutionProperties) = preSolution
		HideSolutionNode = FALSE
	EndGlobalSection
	GlobalSection(ExtensibilityGlobals) = postSolution
		SolutionGuid = {A5F48139-CD68-4621-8BE6-45C40AD17D5B}
	EndGlobalSection
EndGlobal
